// !$*UTF8*$!
{
	archiveVersion = 1;
	classes = {
	};
	objectVersion = 60;
	objects = {

/* Begin PBXBuildFile section */
		4212733D2C733FAA005721DA /* Button_StylesApp.swift in Sources */ = {isa = PBXBuildFile; fileRef = 4212733C2C733FAA005721DA /* Button_StylesApp.swift */; };
		4212733F2C733FAA005721DA /* ContentView.swift in Sources */ = {isa = PBXBuildFile; fileRef = 4212733E2C733FAA005721DA /* ContentView.swift */; };
		421273412C733FAB005721DA /* Assets.xcassets in Resources */ = {isa = PBXBuildFile; fileRef = 421273402C733FAB005721DA /* Assets.xcassets */; };
		421273452C733FAB005721DA /* Preview Assets.xcassets in Resources */ = {isa = PBXBuildFile; fileRef = 421273442C733FAB005721DA /* Preview Assets.xcassets */; };
		4212734F2C733FAB005721DA /* Button_StylesTests.swift in Sources */ = {isa = PBXBuildFile; fileRef = 4212734E2C733FAB005721DA /* Button_StylesTests.swift */; };
		421273592C733FAB005721DA /* Button_StylesUITests.swift in Sources */ = {isa = PBXBuildFile; fileRef = 421273582C733FAB005721DA /* Button_StylesUITests.swift */; };
		4212735B2C733FAB005721DA /* Button_StylesUITestsLaunchTests.swift in Sources */ = {isa = PBXBuildFile; fileRef = 4212735A2C733FAB005721DA /* Button_StylesUITestsLaunchTests.swift */; };
/* End PBXBuildFile section */

/* Begin PBXContainerItemProxy section */
		4212734B2C733FAB005721DA /* PBXContainerItemProxy */ = {
			isa = PBXContainerItemProxy;
			containerPortal = 421273312C733FAA005721DA /* Project object */;
			proxyType = 1;
			remoteGlobalIDString = 421273382C733FAA005721DA;
			remoteInfo = "Button Styles";
		};
		421273552C733FAB005721DA /* PBXContainerItemProxy */ = {
			isa = PBXContainerItemProxy;
			containerPortal = 421273312C733FAA005721DA /* Project object */;
			proxyType = 1;
			remoteGlobalIDString = 421273382C733FAA005721DA;
			remoteInfo = "Button Styles";
		};
/* End PBXContainerItemProxy section */

/* Begin PBXFileReference section */
		421273392C733FAA005721DA /* Button Styles.app */ = {isa = PBXFileReference; explicitFileType = wrapper.application; includeInIndex = 0; path = "Button Styles.app"; sourceTree = BUILT_PRODUCTS_DIR; };
		4212733C2C733FAA005721DA /* Button_StylesApp.swift */ = {isa = PBXFileReference; lastKnownFileType = sourcecode.swift; path = Button_StylesApp.swift; sourceTree = "<group>"; };
		4212733E2C733FAA005721DA /* ContentView.swift */ = {isa = PBXFileReference; lastKnownFileType = sourcecode.swift; path = ContentView.swift; sourceTree = "<group>"; };
		421273402C733FAB005721DA /* Assets.xcassets */ = {isa = PBXFileReference; lastKnownFileType = folder.assetcatalog; path = Assets.xcassets; sourceTree = "<group>"; };
		421273422C733FAB005721DA /* Button_Styles.entitlements */ = {isa = PBXFileReference; lastKnownFileType = text.plist.entitlements; path = Button_Styles.entitlements; sourceTree = "<group>"; };
		421273442C733FAB005721DA /* Preview Assets.xcassets */ = {isa = PBXFileReference; lastKnownFileType = folder.assetcatalog; path = "Preview Assets.xcassets"; sourceTree = "<group>"; };
		4212734A2C733FAB005721DA /* Button StylesTests.xctest */ = {isa = PBXFileReference; explicitFileType = wrapper.cfbundle; includeInIndex = 0; path = "Button StylesTests.xctest"; sourceTree = BUILT_PRODUCTS_DIR; };
		4212734E2C733FAB005721DA /* Button_StylesTests.swift */ = {isa = PBXFileReference; lastKnownFileType = sourcecode.swift; path = Button_StylesTests.swift; sourceTree = "<group>"; };
		421273542C733FAB005721DA /* Button StylesUITests.xctest */ = {isa = PBXFileReference; explicitFileType = wrapper.cfbundle; includeInIndex = 0; path = "Button StylesUITests.xctest"; sourceTree = BUILT_PRODUCTS_DIR; };
		421273582C733FAB005721DA /* Button_StylesUITests.swift */ = {isa = PBXFileReference; lastKnownFileType = sourcecode.swift; path = Button_StylesUITests.swift; sourceTree = "<group>"; };
		4212735A2C733FAB005721DA /* Button_StylesUITestsLaunchTests.swift */ = {isa = PBXFileReference; lastKnownFileType = sourcecode.swift; path = Button_StylesUITestsLaunchTests.swift; sourceTree = "<group>"; };
/* End PBXFileReference section */

/* Begin PBXFrameworksBuildPhase section */
		421273362C733FAA005721DA /* Frameworks */ = {
			isa = PBXFrameworksBuildPhase;
			buildActionMask = 2147483647;
			files = (
			);
			runOnlyForDeploymentPostprocessing = 0;
		};
		421273472C733FAB005721DA /* Frameworks */ = {
			isa = PBXFrameworksBuildPhase;
			buildActionMask = 2147483647;
			files = (
			);
			runOnlyForDeploymentPostprocessing = 0;
		};
		421273512C733FAB005721DA /* Frameworks */ = {
			isa = PBXFrameworksBuildPhase;
			buildActionMask = 2147483647;
			files = (
			);
			runOnlyForDeploymentPostprocessing = 0;
		};
/* End PBXFrameworksBuildPhase section */

/* Begin PBXGroup section */
		421273302C733FAA005721DA = {
			isa = PBXGroup;
			children = (
				4212733B2C733FAA005721DA /* Button Styles */,
				4212734D2C733FAB005721DA /* Button StylesTests */,
				421273572C733FAB005721DA /* Button StylesUITests */,
				4212733A2C733FAA005721DA /* Products */,
			);
			sourceTree = "<group>";
		};
		4212733A2C733FAA005721DA /* Products */ = {
			isa = PBXGroup;
			children = (
				421273392C733FAA005721DA /* Button Styles.app */,
				4212734A2C733FAB005721DA /* Button StylesTests.xctest */,
				421273542C733FAB005721DA /* Button StylesUITests.xctest */,
			);
			name = Products;
			sourceTree = "<group>";
		};
		4212733B2C733FAA005721DA /* Button Styles */ = {
			isa = PBXGroup;
			children = (
				4212733C2C733FAA005721DA /* Button_StylesApp.swift */,
				4212733E2C733FAA005721DA /* ContentView.swift */,
				421273402C733FAB005721DA /* Assets.xcassets */,
				421273422C733FAB005721DA /* Button_Styles.entitlements */,
				421273432C733FAB005721DA /* Preview Content */,
			);
			path = "Button Styles";
			sourceTree = "<group>";
		};
		421273432C733FAB005721DA /* Preview Content */ = {
			isa = PBXGroup;
			children = (
				421273442C733FAB005721DA /* Preview Assets.xcassets */,
			);
			path = "Preview Content";
			sourceTree = "<group>";
		};
		4212734D2C733FAB005721DA /* Button StylesTests */ = {
			isa = PBXGroup;
			children = (
				4212734E2C733FAB005721DA /* Button_StylesTests.swift */,
			);
			path = "Button StylesTests";
			sourceTree = "<group>";
		};
		421273572C733FAB005721DA /* Button StylesUITests */ = {
			isa = PBXGroup;
			children = (
				421273582C733FAB005721DA /* Button_StylesUITests.swift */,
				4212735A2C733FAB005721DA /* Button_StylesUITestsLaunchTests.swift */,
			);
			path = "Button StylesUITests";
			sourceTree = "<group>";
		};
/* End PBXGroup section */

/* Begin PBXNativeTarget section */
		421273382C733FAA005721DA /* Button Styles */ = {
			isa = PBXNativeTarget;
			buildConfigurationList = 4212735E2C733FAB005721DA /* Build configuration list for PBXNativeTarget "Button Styles" */;
			buildPhases = (
				421273352C733FAA005721DA /* Sources */,
				421273362C733FAA005721DA /* Frameworks */,
				421273372C733FAA005721DA /* Resources */,
			);
			buildRules = (
			);
			dependencies = (
			);
			name = "Button Styles";
			productName = "Button Styles";
			productReference = 421273392C733FAA005721DA /* Button Styles.app */;
			productType = "com.apple.product-type.application";
		};
		421273492C733FAB005721DA /* Button StylesTests */ = {
			isa = PBXNativeTarget;
			buildConfigurationList = 421273612C733FAB005721DA /* Build configuration list for PBXNativeTarget "Button StylesTests" */;
			buildPhases = (
				421273462C733FAB005721DA /* Sources */,
				421273472C733FAB005721DA /* Frameworks */,
				421273482C733FAB005721DA /* Resources */,
			);
			buildRules = (
			);
			dependencies = (
				4212734C2C733FAB005721DA /* PBXTargetDependency */,
			);
			name = "Button StylesTests";
			productName = "Button StylesTests";
			productReference = 4212734A2C733FAB005721DA /* Button StylesTests.xctest */;
			productType = "com.apple.product-type.bundle.unit-test";
		};
		421273532C733FAB005721DA /* Button StylesUITests */ = {
			isa = PBXNativeTarget;
			buildConfigurationList = 421273642C733FAB005721DA /* Build configuration list for PBXNativeTarget "Button StylesUITests" */;
			buildPhases = (
				421273502C733FAB005721DA /* Sources */,
				421273512C733FAB005721DA /* Frameworks */,
				421273522C733FAB005721DA /* Resources */,
			);
			buildRules = (
			);
			dependencies = (
				421273562C733FAB005721DA /* PBXTargetDependency */,
			);
			name = "Button StylesUITests";
			productName = "Button StylesUITests";
			productReference = 421273542C733FAB005721DA /* Button StylesUITests.xctest */;
			productType = "com.apple.product-type.bundle.ui-testing";
		};
/* End PBXNativeTarget section */

/* Begin PBXProject section */
		421273312C733FAA005721DA /* Project object */ = {
			isa = PBXProject;
			attributes = {
				BuildIndependentTargetsInParallel = 1;
				LastSwiftUpdateCheck = 1600;
				LastUpgradeCheck = 1600;
				TargetAttributes = {
					421273382C733FAA005721DA = {
						CreatedOnToolsVersion = 16.0;
					};
					421273492C733FAB005721DA = {
						CreatedOnToolsVersion = 16.0;
						TestTargetID = 421273382C733FAA005721DA;
					};
					421273532C733FAB005721DA = {
						CreatedOnToolsVersion = 16.0;
						TestTargetID = 421273382C733FAA005721DA;
					};
				};
			};
			buildConfigurationList = 421273342C733FAA005721DA /* Build configuration list for PBXProject "Button Styles" */;
			compatibilityVersion = "Xcode 15.0";
			developmentRegion = en;
			hasScannedForEncodings = 0;
			knownRegions = (
				en,
				Base,
			);
			mainGroup = 421273302C733FAA005721DA;
			productRefGroup = 4212733A2C733FAA005721DA /* Products */;
			projectDirPath = "";
			projectRoot = "";
			targets = (
				421273382C733FAA005721DA /* Button Styles */,
				421273492C733FAB005721DA /* Button StylesTests */,
				421273532C733FAB005721DA /* Button StylesUITests */,
			);
		};
/* End PBXProject section */

/* Begin PBXResourcesBuildPhase section */
		421273372C733FAA005721DA /* Resources */ = {
			isa = PBXResourcesBuildPhase;
			buildActionMask = 2147483647;
			files = (
				421273452C733FAB005721DA /* Preview Assets.xcassets in Resources */,
				421273412C733FAB005721DA /* Assets.xcassets in Resources */,
			);
			runOnlyForDeploymentPostprocessing = 0;
		};
		421273482C733FAB005721DA /* Resources */ = {
			isa = PBXResourcesBuildPhase;
			buildActionMask = 2147483647;
			files = (
			);
			runOnlyForDeploymentPostprocessing = 0;
		};
		421273522C733FAB005721DA /* Resources */ = {
			isa = PBXResourcesBuildPhase;
			buildActionMask = 2147483647;
			files = (
			);
			runOnlyForDeploymentPostprocessing = 0;
		};
/* End PBXResourcesBuildPhase section */

/* Begin PBXSourcesBuildPhase section */
		421273352C733FAA005721DA /* Sources */ = {
			isa = PBXSourcesBuildPhase;
			buildActionMask = 2147483647;
			files = (
				4212733F2C733FAA005721DA /* ContentView.swift in Sources */,
				4212733D2C733FAA005721DA /* Button_StylesApp.swift in Sources */,
			);
			runOnlyForDeploymentPostprocessing = 0;
		};
		421273462C733FAB005721DA /* Sources */ = {
			isa = PBXSourcesBuildPhase;
			buildActionMask = 2147483647;
			files = (
				4212734F2C733FAB005721DA /* Button_StylesTests.swift in Sources */,
			);
			runOnlyForDeploymentPostprocessing = 0;
		};
		421273502C733FAB005721DA /* Sources */ = {
			isa = PBXSourcesBuildPhase;
			buildActionMask = 2147483647;
			files = (
				4212735B2C733FAB005721DA /* Button_StylesUITestsLaunchTests.swift in Sources */,
				421273592C733FAB005721DA /* Button_StylesUITests.swift in Sources */,
			);
			runOnlyForDeploymentPostprocessing = 0;
		};
/* End PBXSourcesBuildPhase section */

/* Begin PBXTargetDependency section */
		4212734C2C733FAB005721DA /* PBXTargetDependency */ = {
			isa = PBXTargetDependency;
			target = 421273382C733FAA005721DA /* Button Styles */;
			targetProxy = 4212734B2C733FAB005721DA /* PBXContainerItemProxy */;
		};
		421273562C733FAB005721DA /* PBXTargetDependency */ = {
			isa = PBXTargetDependency;
			target = 421273382C733FAA005721DA /* Button Styles */;
			targetProxy = 421273552C733FAB005721DA /* PBXContainerItemProxy */;
		};
/* End PBXTargetDependency section */

/* Begin XCBuildConfiguration section */
		4212735C2C733FAB005721DA /* Debug */ = {
			isa = XCBuildConfiguration;
			buildSettings = {
				ALWAYS_SEARCH_USER_PATHS = NO;
				ASSETCATALOG_COMPILER_GENERATE_SWIFT_ASSET_SYMBOL_EXTENSIONS = YES;
				CLANG_ANALYZER_NONNULL = YES;
				CLANG_ANALYZER_NUMBER_OBJECT_CONVERSION = YES_AGGRESSIVE;
				CLANG_CXX_LANGUAGE_STANDARD = "gnu++20";
				CLANG_ENABLE_MODULES = YES;
				CLANG_ENABLE_OBJC_ARC = YES;
				CLANG_ENABLE_OBJC_WEAK = YES;
				CLANG_WARN_BLOCK_CAPTURE_AUTORELEASING = YES;
				CLANG_WARN_BOOL_CONVERSION = YES;
				CLANG_WARN_COMMA = YES;
				CLANG_WARN_CONSTANT_CONVERSION = YES;
				CLANG_WARN_DEPRECATED_OBJC_IMPLEMENTATIONS = YES;
				CLANG_WARN_DIRECT_OBJC_ISA_USAGE = YES_ERROR;
				CLANG_WARN_DOCUMENTATION_COMMENTS = YES;
				CLANG_WARN_EMPTY_BODY = YES;
				CLANG_WARN_ENUM_CONVERSION = YES;
				CLANG_WARN_INFINITE_RECURSION = YES;
				CLANG_WARN_INT_CONVERSION = YES;
				CLANG_WARN_NON_LITERAL_NULL_CONVERSION = YES;
				CLANG_WARN_OBJC_IMPLICIT_RETAIN_SELF = YES;
				CLANG_WARN_OBJC_LITERAL_CONVERSION = YES;
				CLANG_WARN_OBJC_ROOT_CLASS = YES_ERROR;
				CLANG_WARN_QUOTED_INCLUDE_IN_FRAMEWORK_HEADER = YES;
				CLANG_WARN_RANGE_LOOP_ANALYSIS = YES;
				CLANG_WARN_STRICT_PROTOTYPES = YES;
				CLANG_WARN_SUSPICIOUS_MOVE = YES;
				CLANG_WARN_UNGUARDED_AVAILABILITY = YES_AGGRESSIVE;
				CLANG_WARN_UNREACHABLE_CODE = YES;
				CLANG_WARN__DUPLICATE_METHOD_MATCH = YES;
				COPY_PHASE_STRIP = NO;
				DEBUG_INFORMATION_FORMAT = dwarf;
				ENABLE_STRICT_OBJC_MSGSEND = YES;
				ENABLE_TESTABILITY = YES;
				ENABLE_USER_SCRIPT_SANDBOXING = YES;
				GCC_C_LANGUAGE_STANDARD = gnu17;
				GCC_DYNAMIC_NO_PIC = NO;
				GCC_NO_COMMON_BLOCKS = YES;
				GCC_OPTIMIZATION_LEVEL = 0;
				GCC_PREPROCESSOR_DEFINITIONS = (
					"DEBUG=1",
					"$(inherited)",
				);
				GCC_WARN_64_TO_32_BIT_CONVERSION = YES;
				GCC_WARN_ABOUT_RETURN_TYPE = YES_ERROR;
				GCC_WARN_UNDECLARED_SELECTOR = YES;
				GCC_WARN_UNINITIALIZED_AUTOS = YES_AGGRESSIVE;
				GCC_WARN_UNUSED_FUNCTION = YES;
				GCC_WARN_UNUSED_VARIABLE = YES;
				LOCALIZATION_PREFERS_STRING_CATALOGS = YES;
				MTL_ENABLE_DEBUG_INFO = INCLUDE_SOURCE;
				MTL_FAST_MATH = YES;
				ONLY_ACTIVE_ARCH = YES;
				SWIFT_ACTIVE_COMPILATION_CONDITIONS = "DEBUG $(inherited)";
				SWIFT_OPTIMIZATION_LEVEL = "-Onone";
			};
			name = Debug;
		};
		4212735D2C733FAB005721DA /* Release */ = {
			isa = XCBuildConfiguration;
			buildSettings = {
				ALWAYS_SEARCH_USER_PATHS = NO;
				ASSETCATALOG_COMPILER_GENERATE_SWIFT_ASSET_SYMBOL_EXTENSIONS = YES;
				CLANG_ANALYZER_NONNULL = YES;
				CLANG_ANALYZER_NUMBER_OBJECT_CONVERSION = YES_AGGRESSIVE;
				CLANG_CXX_LANGUAGE_STANDARD = "gnu++20";
				CLANG_ENABLE_MODULES = YES;
				CLANG_ENABLE_OBJC_ARC = YES;
				CLANG_ENABLE_OBJC_WEAK = YES;
				CLANG_WARN_BLOCK_CAPTURE_AUTORELEASING = YES;
				CLANG_WARN_BOOL_CONVERSION = YES;
				CLANG_WARN_COMMA = YES;
				CLANG_WARN_CONSTANT_CONVERSION = YES;
				CLANG_WARN_DEPRECATED_OBJC_IMPLEMENTATIONS = YES;
				CLANG_WARN_DIRECT_OBJC_ISA_USAGE = YES_ERROR;
				CLANG_WARN_DOCUMENTATION_COMMENTS = YES;
				CLANG_WARN_EMPTY_BODY = YES;
				CLANG_WARN_ENUM_CONVERSION = YES;
				CLANG_WARN_INFINITE_RECURSION = YES;
				CLANG_WARN_INT_CONVERSION = YES;
				CLANG_WARN_NON_LITERAL_NULL_CONVERSION = YES;
				CLANG_WARN_OBJC_IMPLICIT_RETAIN_SELF = YES;
				CLANG_WARN_OBJC_LITERAL_CONVERSION = YES;
				CLANG_WARN_OBJC_ROOT_CLASS = YES_ERROR;
				CLANG_WARN_QUOTED_INCLUDE_IN_FRAMEWORK_HEADER = YES;
				CLANG_WARN_RANGE_LOOP_ANALYSIS = YES;
				CLANG_WARN_STRICT_PROTOTYPES = YES;
				CLANG_WARN_SUSPICIOUS_MOVE = YES;
				CLANG_WARN_UNGUARDED_AVAILABILITY = YES_AGGRESSIVE;
				CLANG_WARN_UNREACHABLE_CODE = YES;
				CLANG_WARN__DUPLICATE_METHOD_MATCH = YES;
				COPY_PHASE_STRIP = NO;
				DEBUG_INFORMATION_FORMAT = "dwarf-with-dsym";
				ENABLE_NS_ASSERTIONS = NO;
				ENABLE_STRICT_OBJC_MSGSEND = YES;
				ENABLE_USER_SCRIPT_SANDBOXING = YES;
				GCC_C_LANGUAGE_STANDARD = gnu17;
				GCC_NO_COMMON_BLOCKS = YES;
				GCC_WARN_64_TO_32_BIT_CONVERSION = YES;
				GCC_WARN_ABOUT_RETURN_TYPE = YES_ERROR;
				GCC_WARN_UNDECLARED_SELECTOR = YES;
				GCC_WARN_UNINITIALIZED_AUTOS = YES_AGGRESSIVE;
				GCC_WARN_UNUSED_FUNCTION = YES;
				GCC_WARN_UNUSED_VARIABLE = YES;
				LOCALIZATION_PREFERS_STRING_CATALOGS = YES;
				MTL_ENABLE_DEBUG_INFO = NO;
				MTL_FAST_MATH = YES;
				SWIFT_COMPILATION_MODE = wholemodule;
			};
			name = Release;
		};
		4212735F2C733FAB005721DA /* Debug */ = {
			isa = XCBuildConfiguration;
			buildSettings = {
				ASSETCATALOG_COMPILER_APPICON_NAME = AppIcon;
				ASSETCATALOG_COMPILER_GLOBAL_ACCENT_COLOR_NAME = AccentColor;
				CODE_SIGN_ENTITLEMENTS = "Button Styles/Button_Styles.entitlements";
				CODE_SIGN_STYLE = Automatic;
				CURRENT_PROJECT_VERSION = 1;
				DEVELOPMENT_ASSET_PATHS = "\"Button Styles/Preview Content\"";
				DEVELOPMENT_TEAM = A76FC38L34;
				ENABLE_HARDENED_RUNTIME = YES;
				ENABLE_PREVIEWS = YES;
				GENERATE_INFOPLIST_FILE = YES;
				"INFOPLIST_KEY_UIApplicationSceneManifest_Generation[sdk=iphoneos*]" = YES;
				"INFOPLIST_KEY_UIApplicationSceneManifest_Generation[sdk=iphonesimulator*]" = YES;
				"INFOPLIST_KEY_UIApplicationSupportsIndirectInputEvents[sdk=iphoneos*]" = YES;
				"INFOPLIST_KEY_UIApplicationSupportsIndirectInputEvents[sdk=iphonesimulator*]" = YES;
				"INFOPLIST_KEY_UILaunchScreen_Generation[sdk=iphoneos*]" = YES;
				"INFOPLIST_KEY_UILaunchScreen_Generation[sdk=iphonesimulator*]" = YES;
				"INFOPLIST_KEY_UIStatusBarStyle[sdk=iphoneos*]" = UIStatusBarStyleDefault;
				"INFOPLIST_KEY_UIStatusBarStyle[sdk=iphonesimulator*]" = UIStatusBarStyleDefault;
				INFOPLIST_KEY_UISupportedInterfaceOrientations_iPad = "UIInterfaceOrientationPortrait UIInterfaceOrientationPortraitUpsideDown UIInterfaceOrientationLandscapeLeft UIInterfaceOrientationLandscapeRight";
				INFOPLIST_KEY_UISupportedInterfaceOrientations_iPhone = "UIInterfaceOrientationPortrait UIInterfaceOrientationLandscapeLeft UIInterfaceOrientationLandscapeRight";
				IPHONEOS_DEPLOYMENT_TARGET = 18.0;
				LD_RUNPATH_SEARCH_PATHS = "@executable_path/Frameworks";
				"LD_RUNPATH_SEARCH_PATHS[sdk=macosx*]" = "@executable_path/../Frameworks";
				MACOSX_DEPLOYMENT_TARGET = 14.5;
				MARKETING_VERSION = 1.0;
				PRODUCT_BUNDLE_IDENTIFIER = "com.tonilijic.Button-Styles";
				PRODUCT_NAME = "$(TARGET_NAME)";
				SDKROOT = auto;
				SUPPORTED_PLATFORMS = "iphoneos iphonesimulator macosx xros xrsimulator";
				SWIFT_EMIT_LOC_STRINGS = YES;
				SWIFT_VERSION = 5.0;
				TARGETED_DEVICE_FAMILY = "1,2,7";
				XROS_DEPLOYMENT_TARGET = 2.0;
			};
			name = Debug;
		};
		421273602C733FAB005721DA /* Release */ = {
			isa = XCBuildConfiguration;
			buildSettings = {
				ASSETCATALOG_COMPILER_APPICON_NAME = AppIcon;
				ASSETCATALOG_COMPILER_GLOBAL_ACCENT_COLOR_NAME = AccentColor;
				CODE_SIGN_ENTITLEMENTS = "Button Styles/Button_Styles.entitlements";
				CODE_SIGN_STYLE = Automatic;
				CURRENT_PROJECT_VERSION = 1;
				DEVELOPMENT_ASSET_PATHS = "\"Button Styles/Preview Content\"";
				DEVELOPMENT_TEAM = A76FC38L34;
				ENABLE_HARDENED_RUNTIME = YES;
				ENABLE_PREVIEWS = YES;
				GENERATE_INFOPLIST_FILE = YES;
				"INFOPLIST_KEY_UIApplicationSceneManifest_Generation[sdk=iphoneos*]" = YES;
				"INFOPLIST_KEY_UIApplicationSceneManifest_Generation[sdk=iphonesimulator*]" = YES;
				"INFOPLIST_KEY_UIApplicationSupportsIndirectInputEvents[sdk=iphoneos*]" = YES;
				"INFOPLIST_KEY_UIApplicationSupportsIndirectInputEvents[sdk=iphonesimulator*]" = YES;
				"INFOPLIST_KEY_UILaunchScreen_Generation[sdk=iphoneos*]" = YES;
				"INFOPLIST_KEY_UILaunchScreen_Generation[sdk=iphonesimulator*]" = YES;
				"INFOPLIST_KEY_UIStatusBarStyle[sdk=iphoneos*]" = UIStatusBarStyleDefault;
				"INFOPLIST_KEY_UIStatusBarStyle[sdk=iphonesimulator*]" = UIStatusBarStyleDefault;
				INFOPLIST_KEY_UISupportedInterfaceOrientations_iPad = "UIInterfaceOrientationPortrait UIInterfaceOrientationPortraitUpsideDown UIInterfaceOrientationLandscapeLeft UIInterfaceOrientationLandscapeRight";
				INFOPLIST_KEY_UISupportedInterfaceOrientations_iPhone = "UIInterfaceOrientationPortrait UIInterfaceOrientationLandscapeLeft UIInterfaceOrientationLandscapeRight";
				IPHONEOS_DEPLOYMENT_TARGET = 18.0;
				LD_RUNPATH_SEARCH_PATHS = "@executable_path/Frameworks";
				"LD_RUNPATH_SEARCH_PATHS[sdk=macosx*]" = "@executable_path/../Frameworks";
				MACOSX_DEPLOYMENT_TARGET = 14.5;
				MARKETING_VERSION = 1.0;
				PRODUCT_BUNDLE_IDENTIFIER = "com.tonilijic.Button-Styles";
				PRODUCT_NAME = "$(TARGET_NAME)";
				SDKROOT = auto;
				SUPPORTED_PLATFORMS = "iphoneos iphonesimulator macosx xros xrsimulator";
				SWIFT_EMIT_LOC_STRINGS = YES;
				SWIFT_VERSION = 5.0;
				TARGETED_DEVICE_FAMILY = "1,2,7";
				XROS_DEPLOYMENT_TARGET = 2.0;
			};
			name = Release;
		};
		421273622C733FAB005721DA /* Debug */ = {
			isa = XCBuildConfiguration;
			buildSettings = {
				BUNDLE_LOADER = "$(TEST_HOST)";
				CODE_SIGN_STYLE = Automatic;
				CURRENT_PROJECT_VERSION = 1;
				DEVELOPMENT_TEAM = A76FC38L34;
				GENERATE_INFOPLIST_FILE = YES;
				IPHONEOS_DEPLOYMENT_TARGET = 18.0;
				MACOSX_DEPLOYMENT_TARGET = 14.5;
				MARKETING_VERSION = 1.0;
				PRODUCT_BUNDLE_IDENTIFIER = "com.tonilijic.Button-StylesTests";
				PRODUCT_NAME = "$(TARGET_NAME)";
				SDKROOT = auto;
				SUPPORTED_PLATFORMS = "iphoneos iphonesimulator macosx xros xrsimulator";
				SWIFT_EMIT_LOC_STRINGS = NO;
				SWIFT_VERSION = 5.0;
				TARGETED_DEVICE_FAMILY = "1,2,7";
				TEST_HOST = "$(BUILT_PRODUCTS_DIR)/Button Styles.app/$(BUNDLE_EXECUTABLE_FOLDER_PATH)/Button Styles";
				XROS_DEPLOYMENT_TARGET = 2.0;
			};
			name = Debug;
		};
		421273632C733FAB005721DA /* Release */ = {
			isa = XCBuildConfiguration;
			buildSettings = {
				BUNDLE_LOADER = "$(TEST_HOST)";
				CODE_SIGN_STYLE = Automatic;
				CURRENT_PROJECT_VERSION = 1;
				DEVELOPMENT_TEAM = A76FC38L34;
				GENERATE_INFOPLIST_FILE = YES;
				IPHONEOS_DEPLOYMENT_TARGET = 18.0;
				MACOSX_DEPLOYMENT_TARGET = 14.5;
				MARKETING_VERSION = 1.0;
				PRODUCT_BUNDLE_IDENTIFIER = "com.tonilijic.Button-StylesTests";
				PRODUCT_NAME = "$(TARGET_NAME)";
				SDKROOT = auto;
				SUPPORTED_PLATFORMS = "iphoneos iphonesimulator macosx xros xrsimulator";
				SWIFT_EMIT_LOC_STRINGS = NO;
				SWIFT_VERSION = 5.0;
				TARGETED_DEVICE_FAMILY = "1,2,7";
				TEST_HOST = "$(BUILT_PRODUCTS_DIR)/Button Styles.app/$(BUNDLE_EXECUTABLE_FOLDER_PATH)/Button Styles";
				XROS_DEPLOYMENT_TARGET = 2.0;
			};
			name = Release;
		};
		421273652C733FAB005721DA /* Debug */ = {
			isa = XCBuildConfiguration;
			buildSettings = {
				CODE_SIGN_STYLE = Automatic;
				CURRENT_PROJECT_VERSION = 1;
				DEVELOPMENT_TEAM = A76FC38L34;
				GENERATE_INFOPLIST_FILE = YES;
				IPHONEOS_DEPLOYMENT_TARGET = 18.0;
				MACOSX_DEPLOYMENT_TARGET = 14.5;
				MARKETING_VERSION = 1.0;
				PRODUCT_BUNDLE_IDENTIFIER = "com.tonilijic.Button-StylesUITests";
				PRODUCT_NAME = "$(TARGET_NAME)";
				SDKROOT = auto;
				SUPPORTED_PLATFORMS = "iphoneos iphonesimulator macosx xros xrsimulator";
				SWIFT_EMIT_LOC_STRINGS = NO;
				SWIFT_VERSION = 5.0;
				TARGETED_DEVICE_FAMILY = "1,2,7";
				TEST_TARGET_NAME = "Button Styles";
				XROS_DEPLOYMENT_TARGET = 2.0;
			};
			name = Debug;
		};
		421273662C733FAB005721DA /* Release */ = {
			isa = XCBuildConfiguration;
			buildSettings = {
				CODE_SIGN_STYLE = Automatic;
				CURRENT_PROJECT_VERSION = 1;
				DEVELOPMENT_TEAM = A76FC38L34;
				GENERATE_INFOPLIST_FILE = YES;
				IPHONEOS_DEPLOYMENT_TARGET = 18.0;
				MACOSX_DEPLOYMENT_TARGET = 14.5;
				MARKETING_VERSION = 1.0;
				PRODUCT_BUNDLE_IDENTIFIER = "com.tonilijic.Button-StylesUITests";
				PRODUCT_NAME = "$(TARGET_NAME)";
				SDKROOT = auto;
				SUPPORTED_PLATFORMS = "iphoneos iphonesimulator macosx xros xrsimulator";
				SWIFT_EMIT_LOC_STRINGS = NO;
				SWIFT_VERSION = 5.0;
				TARGETED_DEVICE_FAMILY = "1,2,7";
				TEST_TARGET_NAME = "Button Styles";
				XROS_DEPLOYMENT_TARGET = 2.0;
			};
			name = Release;
		};
/* End XCBuildConfiguration section */

/* Begin XCConfigurationList section */
		421273342C733FAA005721DA /* Build configuration list for PBXProject "Button Styles" */ = {
			isa = XCConfigurationList;
			buildConfigurations = (
				4212735C2C733FAB005721DA /* Debug */,
				4212735D2C733FAB005721DA /* Release */,
			);
			defaultConfigurationIsVisible = 0;
			defaultConfigurationName = Release;
		};
		4212735E2C733FAB005721DA /* Build configuration list for PBXNativeTarget "Button Styles" */ = {
			isa = XCConfigurationList;
			buildConfigurations = (
				4212735F2C733FAB005721DA /* Debug */,
				421273602C733FAB005721DA /* Release */,
			);
			defaultConfigurationIsVisible = 0;
			defaultConfigurationName = Release;
		};
		421273612C733FAB005721DA /* Build configuration list for PBXNativeTarget "Button StylesTests" */ = {
			isa = XCConfigurationList;
			buildConfigurations = (
				421273622C733FAB005721DA /* Debug */,
				421273632C733FAB005721DA /* Release */,
			);
			defaultConfigurationIsVisible = 0;
			defaultConfigurationName = Release;
		};
		421273642C733FAB005721DA /* Build configuration list for PBXNativeTarget "Button StylesUITests" */ = {
			isa = XCConfigurationList;
			buildConfigurations = (
				421273652C733FAB005721DA /* Debug */,
				421273662C733FAB005721DA /* Release */,
			);
			defaultConfigurationIsVisible = 0;
			defaultConfigurationName = Release;
		};
/* End XCConfigurationList section */
	};
	rootObject = 421273312C733FAA005721DA /* Project object */;
}
