// !$*UTF8*$!
{
	archiveVersion = 1;
	classes = {
	};
	objectVersion = 56;
	objects = {

/* Begin PBXBuildFile section */
		426EE1472B6FB834003077C7 /* ArcDragInteractionApp.swift in Sources */ = {isa = PBXBuildFile; fileRef = 426EE1462B6FB834003077C7 /* ArcDragInteractionApp.swift */; };
		426EE1492B6FB834003077C7 /* ContentView.swift in Sources */ = {isa = PBXBuildFile; fileRef = 426EE1482B6FB834003077C7 /* ContentView.swift */; };
		426EE14B2B6FB835003077C7 /* Assets.xcassets in Resources */ = {isa = PBXBuildFile; fileRef = 426EE14A2B6FB835003077C7 /* Assets.xcassets */; };
		426EE14F2B6FB835003077C7 /* Preview Assets.xcassets in Resources */ = {isa = PBXBuildFile; fileRef = 426EE14E2B6FB835003077C7 /* Preview Assets.xcassets */; };
		426EE1592B6FB835003077C7 /* ArcDragInteractionTests.swift in Sources */ = {isa = PBXBuildFile; fileRef = 426EE1582B6FB835003077C7 /* ArcDragInteractionTests.swift */; };
		426EE1632B6FB835003077C7 /* ArcDragInteractionUITests.swift in Sources */ = {isa = PBXBuildFile; fileRef = 426EE1622B6FB835003077C7 /* ArcDragInteractionUITests.swift */; };
		426EE1652B6FB835003077C7 /* ArcDragInteractionUITestsLaunchTests.swift in Sources */ = {isa = PBXBuildFile; fileRef = 426EE1642B6FB835003077C7 /* ArcDragInteractionUITestsLaunchTests.swift */; };
/* End PBXBuildFile section */

/* Begin PBXContainerItemProxy section */
		426EE1552B6FB835003077C7 /* PBXContainerItemProxy */ = {
			isa = PBXContainerItemProxy;
			containerPortal = 426EE13B2B6FB834003077C7 /* Project object */;
			proxyType = 1;
			remoteGlobalIDString = 426EE1422B6FB834003077C7;
			remoteInfo = ArcDragInteraction;
		};
		426EE15F2B6FB835003077C7 /* PBXContainerItemProxy */ = {
			isa = PBXContainerItemProxy;
			containerPortal = 426EE13B2B6FB834003077C7 /* Project object */;
			proxyType = 1;
			remoteGlobalIDString = 426EE1422B6FB834003077C7;
			remoteInfo = ArcDragInteraction;
		};
/* End PBXContainerItemProxy section */

/* Begin PBXFileReference section */
		426EE1432B6FB834003077C7 /* ArcDragInteraction.app */ = {isa = PBXFileReference; explicitFileType = wrapper.application; includeInIndex = 0; path = ArcDragInteraction.app; sourceTree = BUILT_PRODUCTS_DIR; };
		426EE1462B6FB834003077C7 /* ArcDragInteractionApp.swift */ = {isa = PBXFileReference; lastKnownFileType = sourcecode.swift; path = ArcDragInteractionApp.swift; sourceTree = "<group>"; };
		426EE1482B6FB834003077C7 /* ContentView.swift */ = {isa = PBXFileReference; lastKnownFileType = sourcecode.swift; path = ContentView.swift; sourceTree = "<group>"; };
		426EE14A2B6FB835003077C7 /* Assets.xcassets */ = {isa = PBXFileReference; lastKnownFileType = folder.assetcatalog; path = Assets.xcassets; sourceTree = "<group>"; };
		426EE14C2B6FB835003077C7 /* ArcDragInteraction.entitlements */ = {isa = PBXFileReference; lastKnownFileType = text.plist.entitlements; path = ArcDragInteraction.entitlements; sourceTree = "<group>"; };
		426EE14E2B6FB835003077C7 /* Preview Assets.xcassets */ = {isa = PBXFileReference; lastKnownFileType = folder.assetcatalog; path = "Preview Assets.xcassets"; sourceTree = "<group>"; };
		426EE1542B6FB835003077C7 /* ArcDragInteractionTests.xctest */ = {isa = PBXFileReference; explicitFileType = wrapper.cfbundle; includeInIndex = 0; path = ArcDragInteractionTests.xctest; sourceTree = BUILT_PRODUCTS_DIR; };
		426EE1582B6FB835003077C7 /* ArcDragInteractionTests.swift */ = {isa = PBXFileReference; lastKnownFileType = sourcecode.swift; path = ArcDragInteractionTests.swift; sourceTree = "<group>"; };
		426EE15E2B6FB835003077C7 /* ArcDragInteractionUITests.xctest */ = {isa = PBXFileReference; explicitFileType = wrapper.cfbundle; includeInIndex = 0; path = ArcDragInteractionUITests.xctest; sourceTree = BUILT_PRODUCTS_DIR; };
		426EE1622B6FB835003077C7 /* ArcDragInteractionUITests.swift */ = {isa = PBXFileReference; lastKnownFileType = sourcecode.swift; path = ArcDragInteractionUITests.swift; sourceTree = "<group>"; };
		426EE1642B6FB835003077C7 /* ArcDragInteractionUITestsLaunchTests.swift */ = {isa = PBXFileReference; lastKnownFileType = sourcecode.swift; path = ArcDragInteractionUITestsLaunchTests.swift; sourceTree = "<group>"; };
/* End PBXFileReference section */

/* Begin PBXFrameworksBuildPhase section */
		426EE1402B6FB834003077C7 /* Frameworks */ = {
			isa = PBXFrameworksBuildPhase;
			buildActionMask = 2147483647;
			files = (
			);
			runOnlyForDeploymentPostprocessing = 0;
		};
		426EE1512B6FB835003077C7 /* Frameworks */ = {
			isa = PBXFrameworksBuildPhase;
			buildActionMask = 2147483647;
			files = (
			);
			runOnlyForDeploymentPostprocessing = 0;
		};
		426EE15B2B6FB835003077C7 /* Frameworks */ = {
			isa = PBXFrameworksBuildPhase;
			buildActionMask = 2147483647;
			files = (
			);
			runOnlyForDeploymentPostprocessing = 0;
		};
/* End PBXFrameworksBuildPhase section */

/* Begin PBXGroup section */
		426EE13A2B6FB834003077C7 = {
			isa = PBXGroup;
			children = (
				426EE1452B6FB834003077C7 /* ArcDragInteraction */,
				426EE1572B6FB835003077C7 /* ArcDragInteractionTests */,
				426EE1612B6FB835003077C7 /* ArcDragInteractionUITests */,
				426EE1442B6FB834003077C7 /* Products */,
			);
			sourceTree = "<group>";
		};
		426EE1442B6FB834003077C7 /* Products */ = {
			isa = PBXGroup;
			children = (
				426EE1432B6FB834003077C7 /* ArcDragInteraction.app */,
				426EE1542B6FB835003077C7 /* ArcDragInteractionTests.xctest */,
				426EE15E2B6FB835003077C7 /* ArcDragInteractionUITests.xctest */,
			);
			name = Products;
			sourceTree = "<group>";
		};
		426EE1452B6FB834003077C7 /* ArcDragInteraction */ = {
			isa = PBXGroup;
			children = (
				426EE1462B6FB834003077C7 /* ArcDragInteractionApp.swift */,
				426EE1482B6FB834003077C7 /* ContentView.swift */,
				426EE14A2B6FB835003077C7 /* Assets.xcassets */,
				426EE14C2B6FB835003077C7 /* ArcDragInteraction.entitlements */,
				426EE14D2B6FB835003077C7 /* Preview Content */,
			);
			path = ArcDragInteraction;
			sourceTree = "<group>";
		};
		426EE14D2B6FB835003077C7 /* Preview Content */ = {
			isa = PBXGroup;
			children = (
				426EE14E2B6FB835003077C7 /* Preview Assets.xcassets */,
			);
			path = "Preview Content";
			sourceTree = "<group>";
		};
		426EE1572B6FB835003077C7 /* ArcDragInteractionTests */ = {
			isa = PBXGroup;
			children = (
				426EE1582B6FB835003077C7 /* ArcDragInteractionTests.swift */,
			);
			path = ArcDragInteractionTests;
			sourceTree = "<group>";
		};
		426EE1612B6FB835003077C7 /* ArcDragInteractionUITests */ = {
			isa = PBXGroup;
			children = (
				426EE1622B6FB835003077C7 /* ArcDragInteractionUITests.swift */,
				426EE1642B6FB835003077C7 /* ArcDragInteractionUITestsLaunchTests.swift */,
			);
			path = ArcDragInteractionUITests;
			sourceTree = "<group>";
		};
/* End PBXGroup section */

/* Begin PBXNativeTarget section */
		426EE1422B6FB834003077C7 /* ArcDragInteraction */ = {
			isa = PBXNativeTarget;
			buildConfigurationList = 426EE1682B6FB835003077C7 /* Build configuration list for PBXNativeTarget "ArcDragInteraction" */;
			buildPhases = (
				426EE13F2B6FB834003077C7 /* Sources */,
				426EE1402B6FB834003077C7 /* Frameworks */,
				426EE1412B6FB834003077C7 /* Resources */,
			);
			buildRules = (
			);
			dependencies = (
			);
			name = ArcDragInteraction;
			productName = ArcDragInteraction;
			productReference = 426EE1432B6FB834003077C7 /* ArcDragInteraction.app */;
			productType = "com.apple.product-type.application";
		};
		426EE1532B6FB835003077C7 /* ArcDragInteractionTests */ = {
			isa = PBXNativeTarget;
			buildConfigurationList = 426EE16B2B6FB835003077C7 /* Build configuration list for PBXNativeTarget "ArcDragInteractionTests" */;
			buildPhases = (
				426EE1502B6FB835003077C7 /* Sources */,
				426EE1512B6FB835003077C7 /* Frameworks */,
				426EE1522B6FB835003077C7 /* Resources */,
			);
			buildRules = (
			);
			dependencies = (
				426EE1562B6FB835003077C7 /* PBXTargetDependency */,
			);
			name = ArcDragInteractionTests;
			productName = ArcDragInteractionTests;
			productReference = 426EE1542B6FB835003077C7 /* ArcDragInteractionTests.xctest */;
			productType = "com.apple.product-type.bundle.unit-test";
		};
		426EE15D2B6FB835003077C7 /* ArcDragInteractionUITests */ = {
			isa = PBXNativeTarget;
			buildConfigurationList = 426EE16E2B6FB835003077C7 /* Build configuration list for PBXNativeTarget "ArcDragInteractionUITests" */;
			buildPhases = (
				426EE15A2B6FB835003077C7 /* Sources */,
				426EE15B2B6FB835003077C7 /* Frameworks */,
				426EE15C2B6FB835003077C7 /* Resources */,
			);
			buildRules = (
			);
			dependencies = (
				426EE1602B6FB835003077C7 /* PBXTargetDependency */,
			);
			name = ArcDragInteractionUITests;
			productName = ArcDragInteractionUITests;
			productReference = 426EE15E2B6FB835003077C7 /* ArcDragInteractionUITests.xctest */;
			productType = "com.apple.product-type.bundle.ui-testing";
		};
/* End PBXNativeTarget section */

/* Begin PBXProject section */
		426EE13B2B6FB834003077C7 /* Project object */ = {
			isa = PBXProject;
			attributes = {
				BuildIndependentTargetsInParallel = 1;
				LastSwiftUpdateCheck = 1520;
				LastUpgradeCheck = 1520;
				TargetAttributes = {
					426EE1422B6FB834003077C7 = {
						CreatedOnToolsVersion = 15.2;
					};
					426EE1532B6FB835003077C7 = {
						CreatedOnToolsVersion = 15.2;
						TestTargetID = 426EE1422B6FB834003077C7;
					};
					426EE15D2B6FB835003077C7 = {
						CreatedOnToolsVersion = 15.2;
						TestTargetID = 426EE1422B6FB834003077C7;
					};
				};
			};
			buildConfigurationList = 426EE13E2B6FB834003077C7 /* Build configuration list for PBXProject "ArcDragInteraction" */;
			compatibilityVersion = "Xcode 14.0";
			developmentRegion = en;
			hasScannedForEncodings = 0;
			knownRegions = (
				en,
				Base,
			);
			mainGroup = 426EE13A2B6FB834003077C7;
			productRefGroup = 426EE1442B6FB834003077C7 /* Products */;
			projectDirPath = "";
			projectRoot = "";
			targets = (
				426EE1422B6FB834003077C7 /* ArcDragInteraction */,
				426EE1532B6FB835003077C7 /* ArcDragInteractionTests */,
				426EE15D2B6FB835003077C7 /* ArcDragInteractionUITests */,
			);
		};
/* End PBXProject section */

/* Begin PBXResourcesBuildPhase section */
		426EE1412B6FB834003077C7 /* Resources */ = {
			isa = PBXResourcesBuildPhase;
			buildActionMask = 2147483647;
			files = (
				426EE14F2B6FB835003077C7 /* Preview Assets.xcassets in Resources */,
				426EE14B2B6FB835003077C7 /* Assets.xcassets in Resources */,
			);
			runOnlyForDeploymentPostprocessing = 0;
		};
		426EE1522B6FB835003077C7 /* Resources */ = {
			isa = PBXResourcesBuildPhase;
			buildActionMask = 2147483647;
			files = (
			);
			runOnlyForDeploymentPostprocessing = 0;
		};
		426EE15C2B6FB835003077C7 /* Resources */ = {
			isa = PBXResourcesBuildPhase;
			buildActionMask = 2147483647;
			files = (
			);
			runOnlyForDeploymentPostprocessing = 0;
		};
/* End PBXResourcesBuildPhase section */

/* Begin PBXSourcesBuildPhase section */
		426EE13F2B6FB834003077C7 /* Sources */ = {
			isa = PBXSourcesBuildPhase;
			buildActionMask = 2147483647;
			files = (
				426EE1492B6FB834003077C7 /* ContentView.swift in Sources */,
				426EE1472B6FB834003077C7 /* ArcDragInteractionApp.swift in Sources */,
			);
			runOnlyForDeploymentPostprocessing = 0;
		};
		426EE1502B6FB835003077C7 /* Sources */ = {
			isa = PBXSourcesBuildPhase;
			buildActionMask = 2147483647;
			files = (
				426EE1592B6FB835003077C7 /* ArcDragInteractionTests.swift in Sources */,
			);
			runOnlyForDeploymentPostprocessing = 0;
		};
		426EE15A2B6FB835003077C7 /* Sources */ = {
			isa = PBXSourcesBuildPhase;
			buildActionMask = 2147483647;
			files = (
				426EE1652B6FB835003077C7 /* ArcDragInteractionUITestsLaunchTests.swift in Sources */,
				426EE1632B6FB835003077C7 /* ArcDragInteractionUITests.swift in Sources */,
			);
			runOnlyForDeploymentPostprocessing = 0;
		};
/* End PBXSourcesBuildPhase section */

/* Begin PBXTargetDependency section */
		426EE1562B6FB835003077C7 /* PBXTargetDependency */ = {
			isa = PBXTargetDependency;
			target = 426EE1422B6FB834003077C7 /* ArcDragInteraction */;
			targetProxy = 426EE1552B6FB835003077C7 /* PBXContainerItemProxy */;
		};
		426EE1602B6FB835003077C7 /* PBXTargetDependency */ = {
			isa = PBXTargetDependency;
			target = 426EE1422B6FB834003077C7 /* ArcDragInteraction */;
			targetProxy = 426EE15F2B6FB835003077C7 /* PBXContainerItemProxy */;
		};
/* End PBXTargetDependency section */

/* Begin XCBuildConfiguration section */
		426EE1662B6FB835003077C7 /* Debug */ = {
			isa = XCBuildConfiguration;
			buildSettings = {
				ALWAYS_SEARCH_USER_PATHS = NO;
				ASSETCATALOG_COMPILER_GENERATE_SWIFT_ASSET_SYMBOL_EXTENSIONS = YES;
				CLANG_ANALYZER_NONNULL = YES;
				CLANG_ANALYZER_NUMBER_OBJECT_CONVERSION = YES_AGGRESSIVE;
				CLANG_CXX_LANGUAGE_STANDARD = "gnu++20";
				CLANG_ENABLE_MODULES = YES;
				CLANG_ENABLE_OBJC_ARC = YES;
				CLANG_ENABLE_OBJC_WEAK = YES;
				CLANG_WARN_BLOCK_CAPTURE_AUTORELEASING = YES;
				CLANG_WARN_BOOL_CONVERSION = YES;
				CLANG_WARN_COMMA = YES;
				CLANG_WARN_CONSTANT_CONVERSION = YES;
				CLANG_WARN_DEPRECATED_OBJC_IMPLEMENTATIONS = YES;
				CLANG_WARN_DIRECT_OBJC_ISA_USAGE = YES_ERROR;
				CLANG_WARN_DOCUMENTATION_COMMENTS = YES;
				CLANG_WARN_EMPTY_BODY = YES;
				CLANG_WARN_ENUM_CONVERSION = YES;
				CLANG_WARN_INFINITE_RECURSION = YES;
				CLANG_WARN_INT_CONVERSION = YES;
				CLANG_WARN_NON_LITERAL_NULL_CONVERSION = YES;
				CLANG_WARN_OBJC_IMPLICIT_RETAIN_SELF = YES;
				CLANG_WARN_OBJC_LITERAL_CONVERSION = YES;
				CLANG_WARN_OBJC_ROOT_CLASS = YES_ERROR;
				CLANG_WARN_QUOTED_INCLUDE_IN_FRAMEWORK_HEADER = YES;
				CLANG_WARN_RANGE_LOOP_ANALYSIS = YES;
				CLANG_WARN_STRICT_PROTOTYPES = YES;
				CLANG_WARN_SUSPICIOUS_MOVE = YES;
				CLANG_WARN_UNGUARDED_AVAILABILITY = YES_AGGRESSIVE;
				CLANG_WARN_UNREACHABLE_CODE = YES;
				CLANG_WARN__DUPLICATE_METHOD_MATCH = YES;
				COPY_PHASE_STRIP = NO;
				DEBUG_INFORMATION_FORMAT = dwarf;
				ENABLE_STRICT_OBJC_MSGSEND = YES;
				ENABLE_TESTABILITY = YES;
				ENABLE_USER_SCRIPT_SANDBOXING = YES;
				GCC_C_LANGUAGE_STANDARD = gnu17;
				GCC_DYNAMIC_NO_PIC = NO;
				GCC_NO_COMMON_BLOCKS = YES;
				GCC_OPTIMIZATION_LEVEL = 0;
				GCC_PREPROCESSOR_DEFINITIONS = (
					"DEBUG=1",
					"$(inherited)",
				);
				GCC_WARN_64_TO_32_BIT_CONVERSION = YES;
				GCC_WARN_ABOUT_RETURN_TYPE = YES_ERROR;
				GCC_WARN_UNDECLARED_SELECTOR = YES;
				GCC_WARN_UNINITIALIZED_AUTOS = YES_AGGRESSIVE;
				GCC_WARN_UNUSED_FUNCTION = YES;
				GCC_WARN_UNUSED_VARIABLE = YES;
				LOCALIZATION_PREFERS_STRING_CATALOGS = YES;
				MTL_ENABLE_DEBUG_INFO = INCLUDE_SOURCE;
				MTL_FAST_MATH = YES;
				ONLY_ACTIVE_ARCH = YES;
				SWIFT_ACTIVE_COMPILATION_CONDITIONS = "DEBUG $(inherited)";
				SWIFT_OPTIMIZATION_LEVEL = "-Onone";
			};
			name = Debug;
		};
		426EE1672B6FB835003077C7 /* Release */ = {
			isa = XCBuildConfiguration;
			buildSettings = {
				ALWAYS_SEARCH_USER_PATHS = NO;
				ASSETCATALOG_COMPILER_GENERATE_SWIFT_ASSET_SYMBOL_EXTENSIONS = YES;
				CLANG_ANALYZER_NONNULL = YES;
				CLANG_ANALYZER_NUMBER_OBJECT_CONVERSION = YES_AGGRESSIVE;
				CLANG_CXX_LANGUAGE_STANDARD = "gnu++20";
				CLANG_ENABLE_MODULES = YES;
				CLANG_ENABLE_OBJC_ARC = YES;
				CLANG_ENABLE_OBJC_WEAK = YES;
				CLANG_WARN_BLOCK_CAPTURE_AUTORELEASING = YES;
				CLANG_WARN_BOOL_CONVERSION = YES;
				CLANG_WARN_COMMA = YES;
				CLANG_WARN_CONSTANT_CONVERSION = YES;
				CLANG_WARN_DEPRECATED_OBJC_IMPLEMENTATIONS = YES;
				CLANG_WARN_DIRECT_OBJC_ISA_USAGE = YES_ERROR;
				CLANG_WARN_DOCUMENTATION_COMMENTS = YES;
				CLANG_WARN_EMPTY_BODY = YES;
				CLANG_WARN_ENUM_CONVERSION = YES;
				CLANG_WARN_INFINITE_RECURSION = YES;
				CLANG_WARN_INT_CONVERSION = YES;
				CLANG_WARN_NON_LITERAL_NULL_CONVERSION = YES;
				CLANG_WARN_OBJC_IMPLICIT_RETAIN_SELF = YES;
				CLANG_WARN_OBJC_LITERAL_CONVERSION = YES;
				CLANG_WARN_OBJC_ROOT_CLASS = YES_ERROR;
				CLANG_WARN_QUOTED_INCLUDE_IN_FRAMEWORK_HEADER = YES;
				CLANG_WARN_RANGE_LOOP_ANALYSIS = YES;
				CLANG_WARN_STRICT_PROTOTYPES = YES;
				CLANG_WARN_SUSPICIOUS_MOVE = YES;
				CLANG_WARN_UNGUARDED_AVAILABILITY = YES_AGGRESSIVE;
				CLANG_WARN_UNREACHABLE_CODE = YES;
				CLANG_WARN__DUPLICATE_METHOD_MATCH = YES;
				COPY_PHASE_STRIP = NO;
				DEBUG_INFORMATION_FORMAT = "dwarf-with-dsym";
				ENABLE_NS_ASSERTIONS = NO;
				ENABLE_STRICT_OBJC_MSGSEND = YES;
				ENABLE_USER_SCRIPT_SANDBOXING = YES;
				GCC_C_LANGUAGE_STANDARD = gnu17;
				GCC_NO_COMMON_BLOCKS = YES;
				GCC_WARN_64_TO_32_BIT_CONVERSION = YES;
				GCC_WARN_ABOUT_RETURN_TYPE = YES_ERROR;
				GCC_WARN_UNDECLARED_SELECTOR = YES;
				GCC_WARN_UNINITIALIZED_AUTOS = YES_AGGRESSIVE;
				GCC_WARN_UNUSED_FUNCTION = YES;
				GCC_WARN_UNUSED_VARIABLE = YES;
				LOCALIZATION_PREFERS_STRING_CATALOGS = YES;
				MTL_ENABLE_DEBUG_INFO = NO;
				MTL_FAST_MATH = YES;
				SWIFT_COMPILATION_MODE = wholemodule;
			};
			name = Release;
		};
		426EE1692B6FB835003077C7 /* Debug */ = {
			isa = XCBuildConfiguration;
			buildSettings = {
				ASSETCATALOG_COMPILER_APPICON_NAME = AppIcon;
				ASSETCATALOG_COMPILER_GLOBAL_ACCENT_COLOR_NAME = AccentColor;
				CODE_SIGN_ENTITLEMENTS = ArcDragInteraction/ArcDragInteraction.entitlements;
				CODE_SIGN_STYLE = Automatic;
				CURRENT_PROJECT_VERSION = 1;
				DEVELOPMENT_ASSET_PATHS = "\"ArcDragInteraction/Preview Content\"";
				DEVELOPMENT_TEAM = A76FC38L34;
				ENABLE_HARDENED_RUNTIME = YES;
				ENABLE_PREVIEWS = YES;
				GENERATE_INFOPLIST_FILE = YES;
				"INFOPLIST_KEY_UIApplicationSceneManifest_Generation[sdk=iphoneos*]" = YES;
				"INFOPLIST_KEY_UIApplicationSceneManifest_Generation[sdk=iphonesimulator*]" = YES;
				"INFOPLIST_KEY_UIApplicationSupportsIndirectInputEvents[sdk=iphoneos*]" = YES;
				"INFOPLIST_KEY_UIApplicationSupportsIndirectInputEvents[sdk=iphonesimulator*]" = YES;
				"INFOPLIST_KEY_UILaunchScreen_Generation[sdk=iphoneos*]" = YES;
				"INFOPLIST_KEY_UILaunchScreen_Generation[sdk=iphonesimulator*]" = YES;
				"INFOPLIST_KEY_UIStatusBarStyle[sdk=iphoneos*]" = UIStatusBarStyleDefault;
				"INFOPLIST_KEY_UIStatusBarStyle[sdk=iphonesimulator*]" = UIStatusBarStyleDefault;
				INFOPLIST_KEY_UISupportedInterfaceOrientations_iPad = "UIInterfaceOrientationPortrait UIInterfaceOrientationPortraitUpsideDown UIInterfaceOrientationLandscapeLeft UIInterfaceOrientationLandscapeRight";
				INFOPLIST_KEY_UISupportedInterfaceOrientations_iPhone = "UIInterfaceOrientationPortrait UIInterfaceOrientationLandscapeLeft UIInterfaceOrientationLandscapeRight";
				IPHONEOS_DEPLOYMENT_TARGET = 17.2;
				LD_RUNPATH_SEARCH_PATHS = "@executable_path/Frameworks";
				"LD_RUNPATH_SEARCH_PATHS[sdk=macosx*]" = "@executable_path/../Frameworks";
				MACOSX_DEPLOYMENT_TARGET = 14.2;
				MARKETING_VERSION = 1.0;
				PRODUCT_BUNDLE_IDENTIFIER = com.tonilijic.ArcDragInteraction;
				PRODUCT_NAME = "$(TARGET_NAME)";
				SDKROOT = auto;
				SUPPORTED_PLATFORMS = "iphoneos iphonesimulator macosx";
				SWIFT_EMIT_LOC_STRINGS = YES;
				SWIFT_VERSION = 5.0;
				TARGETED_DEVICE_FAMILY = "1,2";
			};
			name = Debug;
		};
		426EE16A2B6FB835003077C7 /* Release */ = {
			isa = XCBuildConfiguration;
			buildSettings = {
				ASSETCATALOG_COMPILER_APPICON_NAME = AppIcon;
				ASSETCATALOG_COMPILER_GLOBAL_ACCENT_COLOR_NAME = AccentColor;
				CODE_SIGN_ENTITLEMENTS = ArcDragInteraction/ArcDragInteraction.entitlements;
				CODE_SIGN_STYLE = Automatic;
				CURRENT_PROJECT_VERSION = 1;
				DEVELOPMENT_ASSET_PATHS = "\"ArcDragInteraction/Preview Content\"";
				DEVELOPMENT_TEAM = A76FC38L34;
				ENABLE_HARDENED_RUNTIME = YES;
				ENABLE_PREVIEWS = YES;
				GENERATE_INFOPLIST_FILE = YES;
				"INFOPLIST_KEY_UIApplicationSceneManifest_Generation[sdk=iphoneos*]" = YES;
				"INFOPLIST_KEY_UIApplicationSceneManifest_Generation[sdk=iphonesimulator*]" = YES;
				"INFOPLIST_KEY_UIApplicationSupportsIndirectInputEvents[sdk=iphoneos*]" = YES;
				"INFOPLIST_KEY_UIApplicationSupportsIndirectInputEvents[sdk=iphonesimulator*]" = YES;
				"INFOPLIST_KEY_UILaunchScreen_Generation[sdk=iphoneos*]" = YES;
				"INFOPLIST_KEY_UILaunchScreen_Generation[sdk=iphonesimulator*]" = YES;
				"INFOPLIST_KEY_UIStatusBarStyle[sdk=iphoneos*]" = UIStatusBarStyleDefault;
				"INFOPLIST_KEY_UIStatusBarStyle[sdk=iphonesimulator*]" = UIStatusBarStyleDefault;
				INFOPLIST_KEY_UISupportedInterfaceOrientations_iPad = "UIInterfaceOrientationPortrait UIInterfaceOrientationPortraitUpsideDown UIInterfaceOrientationLandscapeLeft UIInterfaceOrientationLandscapeRight";
				INFOPLIST_KEY_UISupportedInterfaceOrientations_iPhone = "UIInterfaceOrientationPortrait UIInterfaceOrientationLandscapeLeft UIInterfaceOrientationLandscapeRight";
				IPHONEOS_DEPLOYMENT_TARGET = 17.2;
				LD_RUNPATH_SEARCH_PATHS = "@executable_path/Frameworks";
				"LD_RUNPATH_SEARCH_PATHS[sdk=macosx*]" = "@executable_path/../Frameworks";
				MACOSX_DEPLOYMENT_TARGET = 14.2;
				MARKETING_VERSION = 1.0;
				PRODUCT_BUNDLE_IDENTIFIER = com.tonilijic.ArcDragInteraction;
				PRODUCT_NAME = "$(TARGET_NAME)";
				SDKROOT = auto;
				SUPPORTED_PLATFORMS = "iphoneos iphonesimulator macosx";
				SWIFT_EMIT_LOC_STRINGS = YES;
				SWIFT_VERSION = 5.0;
				TARGETED_DEVICE_FAMILY = "1,2";
			};
			name = Release;
		};
		426EE16C2B6FB835003077C7 /* Debug */ = {
			isa = XCBuildConfiguration;
			buildSettings = {
				ALWAYS_EMBED_SWIFT_STANDARD_LIBRARIES = YES;
				BUNDLE_LOADER = "$(TEST_HOST)";
				CODE_SIGN_STYLE = Automatic;
				CURRENT_PROJECT_VERSION = 1;
				DEVELOPMENT_TEAM = A76FC38L34;
				GENERATE_INFOPLIST_FILE = YES;
				IPHONEOS_DEPLOYMENT_TARGET = 17.2;
				MACOSX_DEPLOYMENT_TARGET = 14.2;
				MARKETING_VERSION = 1.0;
				PRODUCT_BUNDLE_IDENTIFIER = com.tonilijic.ArcDragInteractionTests;
				PRODUCT_NAME = "$(TARGET_NAME)";
				SDKROOT = auto;
				SUPPORTED_PLATFORMS = "iphoneos iphonesimulator macosx";
				SWIFT_EMIT_LOC_STRINGS = NO;
				SWIFT_VERSION = 5.0;
				TARGETED_DEVICE_FAMILY = "1,2";
				TEST_HOST = "$(BUILT_PRODUCTS_DIR)/ArcDragInteraction.app/$(BUNDLE_EXECUTABLE_FOLDER_PATH)/ArcDragInteraction";
			};
			name = Debug;
		};
		426EE16D2B6FB835003077C7 /* Release */ = {
			isa = XCBuildConfiguration;
			buildSettings = {
				ALWAYS_EMBED_SWIFT_STANDARD_LIBRARIES = YES;
				BUNDLE_LOADER = "$(TEST_HOST)";
				CODE_SIGN_STYLE = Automatic;
				CURRENT_PROJECT_VERSION = 1;
				DEVELOPMENT_TEAM = A76FC38L34;
				GENERATE_INFOPLIST_FILE = YES;
				IPHONEOS_DEPLOYMENT_TARGET = 17.2;
				MACOSX_DEPLOYMENT_TARGET = 14.2;
				MARKETING_VERSION = 1.0;
				PRODUCT_BUNDLE_IDENTIFIER = com.tonilijic.ArcDragInteractionTests;
				PRODUCT_NAME = "$(TARGET_NAME)";
				SDKROOT = auto;
				SUPPORTED_PLATFORMS = "iphoneos iphonesimulator macosx";
				SWIFT_EMIT_LOC_STRINGS = NO;
				SWIFT_VERSION = 5.0;
				TARGETED_DEVICE_FAMILY = "1,2";
				TEST_HOST = "$(BUILT_PRODUCTS_DIR)/ArcDragInteraction.app/$(BUNDLE_EXECUTABLE_FOLDER_PATH)/ArcDragInteraction";
			};
			name = Release;
		};
		426EE16F2B6FB835003077C7 /* Debug */ = {
			isa = XCBuildConfiguration;
			buildSettings = {
				ALWAYS_EMBED_SWIFT_STANDARD_LIBRARIES = YES;
				CODE_SIGN_STYLE = Automatic;
				CURRENT_PROJECT_VERSION = 1;
				DEVELOPMENT_TEAM = A76FC38L34;
				GENERATE_INFOPLIST_FILE = YES;
				IPHONEOS_DEPLOYMENT_TARGET = 17.2;
				MACOSX_DEPLOYMENT_TARGET = 14.2;
				MARKETING_VERSION = 1.0;
				PRODUCT_BUNDLE_IDENTIFIER = com.tonilijic.ArcDragInteractionUITests;
				PRODUCT_NAME = "$(TARGET_NAME)";
				SDKROOT = auto;
				SUPPORTED_PLATFORMS = "iphoneos iphonesimulator macosx";
				SWIFT_EMIT_LOC_STRINGS = NO;
				SWIFT_VERSION = 5.0;
				TARGETED_DEVICE_FAMILY = "1,2";
				TEST_TARGET_NAME = ArcDragInteraction;
			};
			name = Debug;
		};
		426EE1702B6FB835003077C7 /* Release */ = {
			isa = XCBuildConfiguration;
			buildSettings = {
				ALWAYS_EMBED_SWIFT_STANDARD_LIBRARIES = YES;
				CODE_SIGN_STYLE = Automatic;
				CURRENT_PROJECT_VERSION = 1;
				DEVELOPMENT_TEAM = A76FC38L34;
				GENERATE_INFOPLIST_FILE = YES;
				IPHONEOS_DEPLOYMENT_TARGET = 17.2;
				MACOSX_DEPLOYMENT_TARGET = 14.2;
				MARKETING_VERSION = 1.0;
				PRODUCT_BUNDLE_IDENTIFIER = com.tonilijic.ArcDragInteractionUITests;
				PRODUCT_NAME = "$(TARGET_NAME)";
				SDKROOT = auto;
				SUPPORTED_PLATFORMS = "iphoneos iphonesimulator macosx";
				SWIFT_EMIT_LOC_STRINGS = NO;
				SWIFT_VERSION = 5.0;
				TARGETED_DEVICE_FAMILY = "1,2";
				TEST_TARGET_NAME = ArcDragInteraction;
			};
			name = Release;
		};
/* End XCBuildConfiguration section */

/* Begin XCConfigurationList section */
		426EE13E2B6FB834003077C7 /* Build configuration list for PBXProject "ArcDragInteraction" */ = {
			isa = XCConfigurationList;
			buildConfigurations = (
				426EE1662B6FB835003077C7 /* Debug */,
				426EE1672B6FB835003077C7 /* Release */,
			);
			defaultConfigurationIsVisible = 0;
			defaultConfigurationName = Release;
		};
		426EE1682B6FB835003077C7 /* Build configuration list for PBXNativeTarget "ArcDragInteraction" */ = {
			isa = XCConfigurationList;
			buildConfigurations = (
				426EE1692B6FB835003077C7 /* Debug */,
				426EE16A2B6FB835003077C7 /* Release */,
			);
			defaultConfigurationIsVisible = 0;
			defaultConfigurationName = Release;
		};
		426EE16B2B6FB835003077C7 /* Build configuration list for PBXNativeTarget "ArcDragInteractionTests" */ = {
			isa = XCConfigurationList;
			buildConfigurations = (
				426EE16C2B6FB835003077C7 /* Debug */,
				426EE16D2B6FB835003077C7 /* Release */,
			);
			defaultConfigurationIsVisible = 0;
			defaultConfigurationName = Release;
		};
		426EE16E2B6FB835003077C7 /* Build configuration list for PBXNativeTarget "ArcDragInteractionUITests" */ = {
			isa = XCConfigurationList;
			buildConfigurations = (
				426EE16F2B6FB835003077C7 /* Debug */,
				426EE1702B6FB835003077C7 /* Release */,
			);
			defaultConfigurationIsVisible = 0;
			defaultConfigurationName = Release;
		};
/* End XCConfigurationList section */
	};
	rootObject = 426EE13B2B6FB834003077C7 /* Project object */;
}
